
Microsoft Visual Studio Solution File, Format Version 12.00
# Visual Studio 15
VisualStudioVersion = 15.0.26730.12
MinimumVisualStudioVersion = 10.0.40219.1
Project("{2150E333-8FDC-42A3-9474-1A3956D46DE8}") = "Solution Items", "Solution Items", "{4216E76E-E85B-4142-90B6-A079636243ED}"
	ProjectSection(SolutionItems) = preProject
		global.json = global.json
	EndProjectSection
EndProject
Project("{FAE04EC0-301F-11D3-BF4B-00C04F79EFBC}") = "Model", "Model\Model.csproj", "{47B0E5C1-10F5-4A3E-90AE-F7119C0DDDEA}"
EndProject
Project("{FAE04EC0-301F-11D3-BF4B-00C04F79EFBC}") = "Data", "Data\Data.csproj", "{85C7A5F8-0798-4910-8D3A-012CE6D1157C}"
EndProject
Project("{FAE04EC0-301F-11D3-BF4B-00C04F79EFBC}") = "WebApi", "WebApi\WebApi.csproj", "{6369FFBC-54EA-4916-9C10-D7500659D979}"
EndProject
Project("{FAE04EC0-301F-11D3-BF4B-00C04F79EFBC}") = "Angular2WebApplication", "Angular2WebApplication\Angular2WebApplication.csproj", "{13C3A82D-272A-4793-9CEA-43D0570CC23A}"
EndProject
Global
	GlobalSection(SolutionConfigurationPlatforms) = preSolution
		Debug|Any CPU = Debug|Any CPU
		Release|Any CPU = Release|Any CPU
	EndGlobalSection
	GlobalSection(ProjectConfigurationPlatforms) = postSolution
		{47B0E5C1-10F5-4A3E-90AE-F7119C0DDDEA}.Debug|Any CPU.ActiveCfg = Debug|Any CPU
		{47B0E5C1-10F5-4A3E-90AE-F7119C0DDDEA}.Debug|Any CPU.Build.0 = Debug|Any CPU
		{47B0E5C1-10F5-4A3E-90AE-F7119C0DDDEA}.Release|Any CPU.ActiveCfg = Release|Any CPU
		{47B0E5C1-10F5-4A3E-90AE-F7119C0DDDEA}.Release|Any CPU.Build.0 = Release|Any CPU
		{85C7A5F8-0798-4910-8D3A-012CE6D1157C}.Debug|Any CPU.ActiveCfg = Debug|Any CPU
		{85C7A5F8-0798-4910-8D3A-012CE6D1157C}.Debug|Any CPU.Build.0 = Debug|Any CPU
		{85C7A5F8-0798-4910-8D3A-012CE6D1157C}.Release|Any CPU.ActiveCfg = Release|Any CPU
		{85C7A5F8-0798-4910-8D3A-012CE6D1157C}.Release|Any CPU.Build.0 = Release|Any CPU
		{6369FFBC-54EA-4916-9C10-D7500659D979}.Debug|Any CPU.ActiveCfg = Debug|Any CPU
		{6369FFBC-54EA-4916-9C10-D7500659D979}.Debug|Any CPU.Build.0 = Debug|Any CPU
		{6369FFBC-54EA-4916-9C10-D7500659D979}.Release|Any CPU.ActiveCfg = Release|Any CPU
		{6369FFBC-54EA-4916-9C10-D7500659D979}.Release|Any CPU.Build.0 = Release|Any CPU
		{13C3A82D-272A-4793-9CEA-43D0570CC23A}.Debug|Any CPU.ActiveCfg = Debug|Any CPU
		{13C3A82D-272A-4793-9CEA-43D0570CC23A}.Debug|Any CPU.Build.0 = Debug|Any CPU
		{13C3A82D-272A-4793-9CEA-43D0570CC23A}.Release|Any CPU.ActiveCfg = Release|Any CPU
		{13C3A82D-272A-4793-9CEA-43D0570CC23A}.Release|Any CPU.Build.0 = Release|Any CPU
	EndGlobalSection
	GlobalSection(SolutionProperties) = preSolution
		HideSolutionNode = FALSE
	EndGlobalSection
	GlobalSection(ExtensibilityGlobals) = postSolution
		SolutionGuid = {B1537BB1-AC62-4D8E-A8A6-CC3732A083EF}
	EndGlobalSection
EndGlobal
